
Microsoft Visual Studio Solution File, Format Version 12.00
# Visual Studio Version 16
VisualStudioVersion = 16.0.29911.84
MinimumVisualStudioVersion = 10.0.40219.1
Project("{FAE04EC0-301F-11D3-BF4B-00C04F79EFBC}") = "TP_chats", "TP_chats\TP_chats.csproj", "{AFD6C8F0-4B45-4EA2-8169-608400D4C5D8}"
EndProject
Global
	GlobalSection(SolutionConfigurationPlatforms) = preSolution
		Debug|Any CPU = Debug|Any CPU
		Release|Any CPU = Release|Any CPU
	EndGlobalSection
	GlobalSection(ProjectConfigurationPlatforms) = postSolution
		{AFD6C8F0-4B45-4EA2-8169-608400D4C5D8}.Debug|Any CPU.ActiveCfg = Debug|Any CPU
		{AFD6C8F0-4B45-4EA2-8169-608400D4C5D8}.Debug|Any CPU.Build.0 = Debug|Any CPU
		{AFD6C8F0-4B45-4EA2-8169-608400D4C5D8}.Release|Any CPU.ActiveCfg = Release|Any CPU
		{AFD6C8F0-4B45-4EA2-8169-608400D4C5D8}.Release|Any CPU.Build.0 = Release|Any CPU
	EndGlobalSection
	GlobalSection(SolutionProperties) = preSolution
		HideSolutionNode = FALSE
	EndGlobalSection
	GlobalSection(ExtensibilityGlobals) = postSolution
		SolutionGuid = {38CFB72E-6A5C-4280-A5E7-0AF244C8CB9C}
	EndGlobalSection
EndGlobal
