
Microsoft Visual Studio Solution File, Format Version 12.00
# Visual Studio Version 16
VisualStudioVersion = 16.0.29911.84
MinimumVisualStudioVersion = 10.0.40219.1
Project("{FAE04EC0-301F-11D3-BF4B-00C04F79EFBC}") = "TP_pizzas2", "TP_pizzas2\TP_pizzas2.csproj", "{2DE8DBEB-F81B-4007-B4A7-AC765CC109A4}"
EndProject
Global
	GlobalSection(SolutionConfigurationPlatforms) = preSolution
		Debug|Any CPU = Debug|Any CPU
		Release|Any CPU = Release|Any CPU
	EndGlobalSection
	GlobalSection(ProjectConfigurationPlatforms) = postSolution
		{2DE8DBEB-F81B-4007-B4A7-AC765CC109A4}.Debug|Any CPU.ActiveCfg = Debug|Any CPU
		{2DE8DBEB-F81B-4007-B4A7-AC765CC109A4}.Debug|Any CPU.Build.0 = Debug|Any CPU
		{2DE8DBEB-F81B-4007-B4A7-AC765CC109A4}.Release|Any CPU.ActiveCfg = Release|Any CPU
		{2DE8DBEB-F81B-4007-B4A7-AC765CC109A4}.Release|Any CPU.Build.0 = Release|Any CPU
	EndGlobalSection
	GlobalSection(SolutionProperties) = preSolution
		HideSolutionNode = FALSE
	EndGlobalSection
	GlobalSection(ExtensibilityGlobals) = postSolution
		SolutionGuid = {D489B43F-97FA-412A-93C7-074D8F20A798}
	EndGlobalSection
EndGlobal
