
Microsoft Visual Studio Solution File, Format Version 12.00
# Visual Studio Version 16
VisualStudioVersion = 16.0.29920.165
MinimumVisualStudioVersion = 10.0.40219.1
Project("{FAE04EC0-301F-11D3-BF4B-00C04F79EFBC}") = "OgameLikeTP", "OgameLikeTP\OgameLikeTP.csproj", "{CABC7071-7377-4219-A201-572178860CBE}"
EndProject
Project("{FAE04EC0-301F-11D3-BF4B-00C04F79EFBC}") = "OgameLikeTPClassLibrary", "OgameLikeTPClassLibrary\OgameLikeTPClassLibrary.csproj", "{972D4D6A-B059-4489-883B-5F0C42C887F2}"
EndProject
Global
	GlobalSection(SolutionConfigurationPlatforms) = preSolution
		Debug|Any CPU = Debug|Any CPU
		Release|Any CPU = Release|Any CPU
	EndGlobalSection
	GlobalSection(ProjectConfigurationPlatforms) = postSolution
		{CABC7071-7377-4219-A201-572178860CBE}.Debug|Any CPU.ActiveCfg = Debug|Any CPU
		{CABC7071-7377-4219-A201-572178860CBE}.Debug|Any CPU.Build.0 = Debug|Any CPU
		{CABC7071-7377-4219-A201-572178860CBE}.Release|Any CPU.ActiveCfg = Release|Any CPU
		{CABC7071-7377-4219-A201-572178860CBE}.Release|Any CPU.Build.0 = Release|Any CPU
		{972D4D6A-B059-4489-883B-5F0C42C887F2}.Debug|Any CPU.ActiveCfg = Debug|Any CPU
		{972D4D6A-B059-4489-883B-5F0C42C887F2}.Debug|Any CPU.Build.0 = Debug|Any CPU
		{972D4D6A-B059-4489-883B-5F0C42C887F2}.Release|Any CPU.ActiveCfg = Release|Any CPU
		{972D4D6A-B059-4489-883B-5F0C42C887F2}.Release|Any CPU.Build.0 = Release|Any CPU
	EndGlobalSection
	GlobalSection(SolutionProperties) = preSolution
		HideSolutionNode = FALSE
	EndGlobalSection
	GlobalSection(ExtensibilityGlobals) = postSolution
		SolutionGuid = {CEB4BC73-9375-4BD7-A99D-25EAC0615021}
	EndGlobalSection
EndGlobal
